<?xml version="1.0" encoding="utf-8"?>
<Project ToolsVersion="4.0" xmlns="http://schemas.microsoft.com/developer/msbuild/2003">
  <ItemGroup>
    <ClCompile Include="AABBCollider.cpp" />
    <ClCompile Include="Actor.cpp" />
    <ClCompile Include="ActorArray.cpp" />
    <ClCompile Include="Bullets.cpp" />
    <ClCompile Include="Character.cpp" />
    <ClCompile Include="CircleCollider.cpp" />
    <ClCompile Include="Collider.cpp" />
    <ClCompile Include="Component.cpp" />
    <ClCompile Include="Enemy.cpp" />
    <ClCompile Include="Engine.cpp" />
    <ClCompile Include="main.cpp" />
    <ClCompile Include="Movement.cpp" />
    <ClCompile Include="Partner.cpp" />
    <ClCompile Include="Player.cpp" />
    <ClCompile Include="ProjectileSpawner.cpp" />
    <ClCompile Include="SampleScene.cpp" />
    <ClCompile Include="Scene.cpp" />
    <ClCompile Include="SpriteComponent.cpp" />
    <ClCompile Include="TragerTestScene.cpp" />
    <ClCompile Include="Transform2D.cpp" />
    <ClCompile Include="Player2.cpp" />
  </ItemGroup>
  <ItemGroup>
    <ClInclude Include="AABBCollider.h" />
    <ClInclude Include="Actor.h" />
    <ClInclude Include="ActorArray.h" />
    <ClInclude Include="Bullets.h" />
    <ClInclude Include="Character.h" />
    <ClInclude Include="CircleCollider.h" />
    <ClInclude Include="Collider.h" />
    <ClInclude Include="Component.h" />
    <ClInclude Include="Enemy.h" />
    <ClInclude Include="Engine.h" />
    <ClInclude Include="Movement.h" />
    <ClInclude Include="Partner.h" />
    <ClInclude Include="Player.h" />
    <ClInclude Include="ProjectileSpawner.h" />
    <ClInclude Include="SampleScene.h" />
    <ClInclude Include="Scene.h" />
    <ClInclude Include="SpriteComponent.h" />
    <ClInclude Include="TragerTestScene.h" />
    <ClInclude Include="Transform2D.h" />
    <ClInclude Include="Player2.h" />
  </ItemGroup>
  <ItemGroup>
    <Image Include="..\Images\bullet.png" />
    <Image Include="..\Images\enemy.png" />
    <Image Include="..\Images\player.png" />
  </ItemGroup>
</Project>